// !$*UTF8*$!
{
	archiveVersion = 1;
	classes = {
	};
	objectVersion = 56;
	objects = {

/* Begin PBXBuildFile section */
		F60BD33C2A5EA49D006DCF69 /* Pods_storage2.framework in Frameworks */ = {isa = PBXBuildFile; fileRef = E19C3CDB4D176A0EF12B2065 /* Pods_storage2.framework */; };
		F61179222A64EC7F00D69175 /* ZODownloadUnit.m in Sources */ = {isa = PBXBuildFile; fileRef = F61179212A64EC7F00D69175 /* ZODownloadUnit.m */; };
		F61F70C52A6136FD006D6892 /* libsqlite3.0.tbd in Frameworks */ = {isa = PBXBuildFile; fileRef = F60BD33B2A5EA492006DCF69 /* libsqlite3.0.tbd */; };
		F61F70C62A613A4F006D6892 /* libsqlite3.tbd in Frameworks */ = {isa = PBXBuildFile; fileRef = F60BD33A2A5EA48D006DCF69 /* libsqlite3.tbd */; };
		F64BAB692A3DA456002B923F /* DatabaseService.m in Sources */ = {isa = PBXBuildFile; fileRef = F64BAB682A3DA456002B923F /* DatabaseService.m */; };
		F64BAB742A3F05CA002B923F /* Coordinator.m in Sources */ = {isa = PBXBuildFile; fileRef = F64BAB732A3F05CA002B923F /* Coordinator.m */; };
		F64BAB7A2A3F08CA002B923F /* AppCoordinator.m in Sources */ = {isa = PBXBuildFile; fileRef = F64BAB792A3F08CA002B923F /* AppCoordinator.m */; };
		F64BAB7C2A3F0C2F002B923F /* BaseCoordinator.m in Sources */ = {isa = PBXBuildFile; fileRef = F64BAB7B2A3F0C2F002B923F /* BaseCoordinator.m */; };
		F64BAB822A3F0F06002B923F /* ChatRoomCoordinator.m in Sources */ = {isa = PBXBuildFile; fileRef = F64BAB812A3F0F06002B923F /* ChatRoomCoordinator.m */; };
		F64BAB862A4040F3002B923F /* HashHelper.m in Sources */ = {isa = PBXBuildFile; fileRef = F64BAB852A4040F3002B923F /* HashHelper.m */; };
		F64BAB8A2A4053D1002B923F /* CircleGraphComponent.m in Sources */ = {isa = PBXBuildFile; fileRef = F64BAB892A4053D1002B923F /* CircleGraphComponent.m */; };
		F64BAB8D2A4053E3002B923F /* CircleGraphView.m in Sources */ = {isa = PBXBuildFile; fileRef = F64BAB8C2A4053E3002B923F /* CircleGraphView.m */; };
		F64BABB12A429940002B923F /* StorageInfoCell.xib in Resources */ = {isa = PBXBuildFile; fileRef = F64BABB02A429940002B923F /* StorageInfoCell.xib */; };
		F64BABB42A429A39002B923F /* StorageInfoCell.m in Sources */ = {isa = PBXBuildFile; fileRef = F64BABB32A429A38002B923F /* StorageInfoCell.m */; };
		F64BABB82A42DB46002B923F /* CacheService.m in Sources */ = {isa = PBXBuildFile; fileRef = F64BABB72A42DB46002B923F /* CacheService.m */; };
		F64BABBC2A42DF25002B923F /* CompressorHelper.m in Sources */ = {isa = PBXBuildFile; fileRef = F64BABBB2A42DF25002B923F /* CompressorHelper.m */; };
		F64BABC62A44057A002B923F /* ZOStatePresentable.m in Sources */ = {isa = PBXBuildFile; fileRef = F64BABC52A44057A002B923F /* ZOStatePresentable.m */; };
		F64BABCA2A4536EB002B923F /* Skeletonable.m in Sources */ = {isa = PBXBuildFile; fileRef = F64BABC92A4536EB002B923F /* Skeletonable.m */; };
		F64BABCE2A4839FA002B923F /* ZODownloadManager.m in Sources */ = {isa = PBXBuildFile; fileRef = F64BABCD2A4839FA002B923F /* ZODownloadManager.m */; };
		F64BABD22A483A3F002B923F /* ZODownloadItem.m in Sources */ = {isa = PBXBuildFile; fileRef = F64BABD12A483A3F002B923F /* ZODownloadItem.m */; };
		F64BABDA2A493BC8002B923F /* ReachabilityHelper.m in Sources */ = {isa = PBXBuildFile; fileRef = F64BABD92A493BC8002B923F /* ReachabilityHelper.m */; };
		F64BABDD2A4A81B9002B923F /* FileData.m in Sources */ = {isa = PBXBuildFile; fileRef = F64BABDC2A4A81B9002B923F /* FileData.m */; };
		F64BAFD22A4AECBE002B923F /* StorageManager.m in Sources */ = {isa = PBXBuildFile; fileRef = F64BAFD12A4AECBE002B923F /* StorageManager.m */; };
		F64BAFE22A4C1A47002B923F /* AppEnvironment.m in Sources */ = {isa = PBXBuildFile; fileRef = F64BAFE12A4C1A47002B923F /* AppEnvironment.m */; };
		F64BAFE82A4E7A2A002B923F /* ZOPrirorityQueue.m in Sources */ = {isa = PBXBuildFile; fileRef = F64BAFE72A4E7A2A002B923F /* ZOPrirorityQueue.m */; };
		F64BAFEC2A4E7FF1002B923F /* ZOHeap.m in Sources */ = {isa = PBXBuildFile; fileRef = F64BAFEB2A4E7FF1002B923F /* ZOHeap.m */; };
		F64BAFFE2A518842002B923F /* ChatDetailBusinessModel.m in Sources */ = {isa = PBXBuildFile; fileRef = F64BAFFD2A518842002B923F /* ChatDetailBusinessModel.m */; };
		F64BB0042A51AC7A002B923F /* ChatDetailEntity.m in Sources */ = {isa = PBXBuildFile; fileRef = F64BB0032A51AC7A002B923F /* ChatDetailEntity.m */; };
		F64BB0062A51AEC9002B923F /* ChatDetailDataRepository.m in Sources */ = {isa = PBXBuildFile; fileRef = F64BB0052A51AEC9002B923F /* ChatDetailDataRepository.m */; };
		F658796B2A56AC0900293FFD /* ChatRoomDBRepository.m in Sources */ = {isa = PBXBuildFile; fileRef = F658796A2A56AC0900293FFD /* ChatRoomDBRepository.m */; };
		F658796D2A56B58100293FFD /* FileDBRepository.m in Sources */ = {isa = PBXBuildFile; fileRef = F658796C2A56B58100293FFD /* FileDBRepository.m */; };
		F65879732A57EE2600293FFD /* ChatRoomBusinessModel.m in Sources */ = {isa = PBXBuildFile; fileRef = F65879722A57EE2600293FFD /* ChatRoomBusinessModel.m */; };
		F65879772A57EE4300293FFD /* ChatRoomEntity.m in Sources */ = {isa = PBXBuildFile; fileRef = F65879762A57EE4300293FFD /* ChatRoomEntity.m */; };
		F658797A2A57EE8500293FFD /* ChatRoomDataRepository.m in Sources */ = {isa = PBXBuildFile; fileRef = F65879792A57EE8500293FFD /* ChatRoomDataRepository.m */; };
		F65879872A5D052F00293FFD /* ChatMessageProvider.m in Sources */ = {isa = PBXBuildFile; fileRef = F65879862A5D052F00293FFD /* ChatMessageProvider.m */; };
		F658798D2A5D0E7B00293FFD /* FileDataProvider.m in Sources */ = {isa = PBXBuildFile; fileRef = F658798C2A5D0E7B00293FFD /* FileDataProvider.m */; };
		F65879912A5D32F800293FFD /* ChatRoomProvider.m in Sources */ = {isa = PBXBuildFile; fileRef = F65879902A5D32F800293FFD /* ChatRoomProvider.m */; };
		F6C43EF42A3AEF0D001D8715 /* AppDelegate.m in Sources */ = {isa = PBXBuildFile; fileRef = F6C43EF32A3AEF0D001D8715 /* AppDelegate.m */; };
		F6C43EF72A3AEF0D001D8715 /* SceneDelegate.m in Sources */ = {isa = PBXBuildFile; fileRef = F6C43EF62A3AEF0D001D8715 /* SceneDelegate.m */; };
		F6C43EFA2A3AEF0D001D8715 /* ChatRoomViewController.m in Sources */ = {isa = PBXBuildFile; fileRef = F6C43EF92A3AEF0D001D8715 /* ChatRoomViewController.m */; };
		F6C43EFD2A3AEF0D001D8715 /* Main.storyboard in Resources */ = {isa = PBXBuildFile; fileRef = F6C43EFB2A3AEF0D001D8715 /* Main.storyboard */; };
		F6C43EFF2A3AEF0D001D8715 /* Assets.xcassets in Resources */ = {isa = PBXBuildFile; fileRef = F6C43EFE2A3AEF0D001D8715 /* Assets.xcassets */; };
		F6C43F022A3AEF0D001D8715 /* LaunchScreen.storyboard in Resources */ = {isa = PBXBuildFile; fileRef = F6C43F002A3AEF0D001D8715 /* LaunchScreen.storyboard */; };
		F6C43F052A3AEF0D001D8715 /* main.m in Sources */ = {isa = PBXBuildFile; fileRef = F6C43F042A3AEF0D001D8715 /* main.m */; };
		F6C43F162A3AF0A1001D8715 /* ChatRoomView.storyboard in Resources */ = {isa = PBXBuildFile; fileRef = F6C43F152A3AF0A1001D8715 /* ChatRoomView.storyboard */; };
		F6C43F192A3AF0D3001D8715 /* ChatRoomViewModel.m in Sources */ = {isa = PBXBuildFile; fileRef = F6C43F182A3AF0D3001D8715 /* ChatRoomViewModel.m */; };
		F6C43F252A3AF139001D8715 /* ChatRoomData.m in Sources */ = {isa = PBXBuildFile; fileRef = F6C43F1D2A3AF139001D8715 /* ChatRoomData.m */; };
		F6C43F262A3AF139001D8715 /* ChatRoomSectionController.m in Sources */ = {isa = PBXBuildFile; fileRef = F6C43F1F2A3AF139001D8715 /* ChatRoomSectionController.m */; };
		F6C43F272A3AF139001D8715 /* ChatRoomCell.m in Sources */ = {isa = PBXBuildFile; fileRef = F6C43F232A3AF139001D8715 /* ChatRoomCell.m */; };
		F6C43F282A3AF139001D8715 /* ChatRoomCell.xib in Resources */ = {isa = PBXBuildFile; fileRef = F6C43F242A3AF139001D8715 /* ChatRoomCell.xib */; };
		F6C43F2C2A3B0D15001D8715 /* ChatDetailViewController.m in Sources */ = {isa = PBXBuildFile; fileRef = F6C43F2B2A3B0D15001D8715 /* ChatDetailViewController.m */; };
		F6C43F2F2A3B0D45001D8715 /* ChatDetailViewModel.m in Sources */ = {isa = PBXBuildFile; fileRef = F6C43F2E2A3B0D45001D8715 /* ChatDetailViewModel.m */; };
		F6C43F312A3B0D53001D8715 /* ChatDetailView.storyboard in Resources */ = {isa = PBXBuildFile; fileRef = F6C43F302A3B0D53001D8715 /* ChatDetailView.storyboard */; };
		F6C43F332A3B0E8C001D8715 /* ChatMessageData.m in Sources */ = {isa = PBXBuildFile; fileRef = F6C43F322A3B0E8C001D8715 /* ChatMessageData.m */; };
		F6C43F372A3B10E3001D8715 /* ChatDetailSectionController.m in Sources */ = {isa = PBXBuildFile; fileRef = F6C43F362A3B10E3001D8715 /* ChatDetailSectionController.m */; };
		F6C43F392A3B1159001D8715 /* ChatMessageCell.m in Sources */ = {isa = PBXBuildFile; fileRef = F6C43F382A3B1159001D8715 /* ChatMessageCell.m */; };
		F6C43F3E2A3B2A39001D8715 /* StorageViewController.m in Sources */ = {isa = PBXBuildFile; fileRef = F6C43F3D2A3B2A39001D8715 /* StorageViewController.m */; };
		F6C43F412A3B2A53001D8715 /* StorageViewModel.m in Sources */ = {isa = PBXBuildFile; fileRef = F6C43F402A3B2A53001D8715 /* StorageViewModel.m */; };
		F6C43F432A3B2A5F001D8715 /* StorageView.storyboard in Resources */ = {isa = PBXBuildFile; fileRef = F6C43F422A3B2A5F001D8715 /* StorageView.storyboard */; };
		F6C43F482A3C07A5001D8715 /* ChatMessageCell.xib in Resources */ = {isa = PBXBuildFile; fileRef = F6C43F472A3C07A5001D8715 /* ChatMessageCell.xib */; };
		F6C43F4C2A3C39EA001D8715 /* FileHelper.m in Sources */ = {isa = PBXBuildFile; fileRef = F6C43F4B2A3C39EA001D8715 /* FileHelper.m */; };
		F6EFC93B2A5272AE00DDEDF4 /* AppDI.m in Sources */ = {isa = PBXBuildFile; fileRef = F6EFC93A2A5272AE00DDEDF4 /* AppDI.m */; };
		F6EFC93E2A5272C300DDEDF4 /* ChatDetailBuilder.m in Sources */ = {isa = PBXBuildFile; fileRef = F6EFC93D2A5272C300DDEDF4 /* ChatDetailBuilder.m */; };
		F6EFC9422A52771800DDEDF4 /* ChatRoomBuilder.m in Sources */ = {isa = PBXBuildFile; fileRef = F6EFC9412A52771800DDEDF4 /* ChatRoomBuilder.m */; };
		F6EFC9502A53D7A600DDEDF4 /* ZOUrlSessionDownloadRepository.m in Sources */ = {isa = PBXBuildFile; fileRef = F6EFC94F2A53D7A600DDEDF4 /* ZOUrlSessionDownloadRepository.m */; };
		F6EFC95B2A5554BB00DDEDF4 /* ChatMessageDBRepository.m in Sources */ = {isa = PBXBuildFile; fileRef = F6EFC95A2A5554BB00DDEDF4 /* ChatMessageDBRepository.m */; };
		F6FF767D2A5D5EA1003A1EF4 /* StorageBusinessModel.m in Sources */ = {isa = PBXBuildFile; fileRef = F6FF767C2A5D5EA1003A1EF4 /* StorageBusinessModel.m */; };
		F6FF76802A5D5EB6003A1EF4 /* StorageEntity.m in Sources */ = {isa = PBXBuildFile; fileRef = F6FF767F2A5D5EB6003A1EF4 /* StorageEntity.m */; };
		F6FF76842A5D5EDE003A1EF4 /* StorageDataRepository.m in Sources */ = {isa = PBXBuildFile; fileRef = F6FF76832A5D5EDE003A1EF4 /* StorageDataRepository.m */; };
		F6FF76872A5D5F02003A1EF4 /* StorageBuilder.m in Sources */ = {isa = PBXBuildFile; fileRef = F6FF76862A5D5F02003A1EF4 /* StorageBuilder.m */; };
		F6FF768F2A5E8EB7003A1EF4 /* StorageTableCell.m in Sources */ = {isa = PBXBuildFile; fileRef = F6FF768E2A5E8EB7003A1EF4 /* StorageTableCell.m */; };
		F6FF76912A5E8F74003A1EF4 /* StorageTableCell.xib in Resources */ = {isa = PBXBuildFile; fileRef = F6FF76902A5E8F74003A1EF4 /* StorageTableCell.xib */; };
/* End PBXBuildFile section */

/* Begin PBXFileReference section */
		2428DBFDEBA3038772A072A5 /* Pods-storage2.debug.xcconfig */ = {isa = PBXFileReference; includeInIndex = 1; lastKnownFileType = text.xcconfig; name = "Pods-storage2.debug.xcconfig"; path = "Target Support Files/Pods-storage2/Pods-storage2.debug.xcconfig"; sourceTree = "<group>"; };
		41FF497A3D8960B438AD9763 /* Pods-storage2.release.xcconfig */ = {isa = PBXFileReference; includeInIndex = 1; lastKnownFileType = text.xcconfig; name = "Pods-storage2.release.xcconfig"; path = "Target Support Files/Pods-storage2/Pods-storage2.release.xcconfig"; sourceTree = "<group>"; };
		E19C3CDB4D176A0EF12B2065 /* Pods_storage2.framework */ = {isa = PBXFileReference; explicitFileType = wrapper.framework; includeInIndex = 0; path = Pods_storage2.framework; sourceTree = BUILT_PRODUCTS_DIR; };
		F60BD33A2A5EA48D006DCF69 /* libsqlite3.tbd */ = {isa = PBXFileReference; lastKnownFileType = "sourcecode.text-based-dylib-definition"; name = libsqlite3.tbd; path = usr/lib/libsqlite3.tbd; sourceTree = SDKROOT; };
		F60BD33B2A5EA492006DCF69 /* libsqlite3.0.tbd */ = {isa = PBXFileReference; lastKnownFileType = "sourcecode.text-based-dylib-definition"; name = libsqlite3.0.tbd; path = usr/lib/libsqlite3.0.tbd; sourceTree = SDKROOT; };
		F61179202A64EC7600D69175 /* ZODownloadUnit.h */ = {isa = PBXFileReference; lastKnownFileType = sourcecode.c.h; path = ZODownloadUnit.h; sourceTree = "<group>"; };
		F61179212A64EC7F00D69175 /* ZODownloadUnit.m */ = {isa = PBXFileReference; lastKnownFileType = sourcecode.c.objc; path = ZODownloadUnit.m; sourceTree = "<group>"; };
		F61F70C82A613C92006D6892 /* sqlite3ext.h */ = {isa = PBXFileReference; fileEncoding = 4; lastKnownFileType = sourcecode.c.h; path = sqlite3ext.h; sourceTree = "<group>"; };
		F61F70C92A613C92006D6892 /* sqlite3.h */ = {isa = PBXFileReference; fileEncoding = 4; lastKnownFileType = sourcecode.c.h; path = sqlite3.h; sourceTree = "<group>"; };
		F64BAB672A3DA448002B923F /* DatabaseService.h */ = {isa = PBXFileReference; lastKnownFileType = sourcecode.c.h; path = DatabaseService.h; sourceTree = "<group>"; };
		F64BAB682A3DA456002B923F /* DatabaseService.m */ = {isa = PBXFileReference; lastKnownFileType = sourcecode.c.objc; path = DatabaseService.m; sourceTree = "<group>"; };
		F64BAB722A3F0593002B923F /* Coordinator.h */ = {isa = PBXFileReference; lastKnownFileType = sourcecode.c.h; path = Coordinator.h; sourceTree = "<group>"; };
		F64BAB732A3F05CA002B923F /* Coordinator.m */ = {isa = PBXFileReference; lastKnownFileType = sourcecode.c.objc; path = Coordinator.m; sourceTree = "<group>"; };
		F64BAB752A3F080B002B923F /* BaseCoordinator.h */ = {isa = PBXFileReference; lastKnownFileType = sourcecode.c.h; path = BaseCoordinator.h; sourceTree = "<group>"; };
		F64BAB782A3F08C1002B923F /* AppCoordinator.h */ = {isa = PBXFileReference; lastKnownFileType = sourcecode.c.h; path = AppCoordinator.h; sourceTree = "<group>"; };
		F64BAB792A3F08CA002B923F /* AppCoordinator.m */ = {isa = PBXFileReference; lastKnownFileType = sourcecode.c.objc; path = AppCoordinator.m; sourceTree = "<group>"; };
		F64BAB7B2A3F0C2F002B923F /* BaseCoordinator.m */ = {isa = PBXFileReference; lastKnownFileType = sourcecode.c.objc; path = BaseCoordinator.m; sourceTree = "<group>"; };
		F64BAB802A3F0EFD002B923F /* ChatRoomCoordinator.h */ = {isa = PBXFileReference; lastKnownFileType = sourcecode.c.h; path = ChatRoomCoordinator.h; sourceTree = "<group>"; };
		F64BAB812A3F0F06002B923F /* ChatRoomCoordinator.m */ = {isa = PBXFileReference; lastKnownFileType = sourcecode.c.objc; path = ChatRoomCoordinator.m; sourceTree = "<group>"; };
		F64BAB842A4040E9002B923F /* HashHelper.h */ = {isa = PBXFileReference; lastKnownFileType = sourcecode.c.h; path = HashHelper.h; sourceTree = "<group>"; };
		F64BAB852A4040F3002B923F /* HashHelper.m */ = {isa = PBXFileReference; lastKnownFileType = sourcecode.c.objc; path = HashHelper.m; sourceTree = "<group>"; };
		F64BAB882A4053B3002B923F /* CircleGraphComponent.h */ = {isa = PBXFileReference; lastKnownFileType = sourcecode.c.h; path = CircleGraphComponent.h; sourceTree = "<group>"; };
		F64BAB892A4053D1002B923F /* CircleGraphComponent.m */ = {isa = PBXFileReference; lastKnownFileType = sourcecode.c.objc; path = CircleGraphComponent.m; sourceTree = "<group>"; };
		F64BAB8B2A4053D9002B923F /* CircleGraphView.h */ = {isa = PBXFileReference; lastKnownFileType = sourcecode.c.h; path = CircleGraphView.h; sourceTree = "<group>"; };
		F64BAB8C2A4053E3002B923F /* CircleGraphView.m */ = {isa = PBXFileReference; lastKnownFileType = sourcecode.c.objc; path = CircleGraphView.m; sourceTree = "<group>"; };
		F64BABB02A429940002B923F /* StorageInfoCell.xib */ = {isa = PBXFileReference; lastKnownFileType = file.xib; path = StorageInfoCell.xib; sourceTree = "<group>"; };
		F64BABB22A429A1D002B923F /* StorageInfoCell.h */ = {isa = PBXFileReference; lastKnownFileType = sourcecode.c.h; path = StorageInfoCell.h; sourceTree = "<group>"; };
		F64BABB32A429A38002B923F /* StorageInfoCell.m */ = {isa = PBXFileReference; lastKnownFileType = sourcecode.c.objc; path = StorageInfoCell.m; sourceTree = "<group>"; };
		F64BABB62A42DB3C002B923F /* CacheService.h */ = {isa = PBXFileReference; lastKnownFileType = sourcecode.c.h; path = CacheService.h; sourceTree = "<group>"; };
		F64BABB72A42DB46002B923F /* CacheService.m */ = {isa = PBXFileReference; lastKnownFileType = sourcecode.c.objc; path = CacheService.m; sourceTree = "<group>"; };
		F64BABBA2A42DF1B002B923F /* CompressorHelper.h */ = {isa = PBXFileReference; lastKnownFileType = sourcecode.c.h; path = CompressorHelper.h; sourceTree = "<group>"; };
		F64BABBB2A42DF25002B923F /* CompressorHelper.m */ = {isa = PBXFileReference; lastKnownFileType = sourcecode.c.objc; path = CompressorHelper.m; sourceTree = "<group>"; };
		F64BABC42A44056D002B923F /* ZOStatePresentable.h */ = {isa = PBXFileReference; lastKnownFileType = sourcecode.c.h; path = ZOStatePresentable.h; sourceTree = "<group>"; };
		F64BABC52A44057A002B923F /* ZOStatePresentable.m */ = {isa = PBXFileReference; lastKnownFileType = sourcecode.c.objc; path = ZOStatePresentable.m; sourceTree = "<group>"; };
		F64BABC82A4536D8002B923F /* Skeletonable.h */ = {isa = PBXFileReference; lastKnownFileType = sourcecode.c.h; path = Skeletonable.h; sourceTree = "<group>"; };
		F64BABC92A4536EB002B923F /* Skeletonable.m */ = {isa = PBXFileReference; lastKnownFileType = sourcecode.c.objc; path = Skeletonable.m; sourceTree = "<group>"; };
		F64BABCC2A4839EF002B923F /* ZODownloadManager.h */ = {isa = PBXFileReference; lastKnownFileType = sourcecode.c.h; path = ZODownloadManager.h; sourceTree = "<group>"; };
		F64BABCD2A4839FA002B923F /* ZODownloadManager.m */ = {isa = PBXFileReference; lastKnownFileType = sourcecode.c.objc; path = ZODownloadManager.m; sourceTree = "<group>"; };
		F64BABD02A483A36002B923F /* ZODownloadItem.h */ = {isa = PBXFileReference; lastKnownFileType = sourcecode.c.h; path = ZODownloadItem.h; sourceTree = "<group>"; };
		F64BABD12A483A3F002B923F /* ZODownloadItem.m */ = {isa = PBXFileReference; lastKnownFileType = sourcecode.c.objc; path = ZODownloadItem.m; sourceTree = "<group>"; };
		F64BABD82A493BBF002B923F /* ReachabilityHelper.h */ = {isa = PBXFileReference; lastKnownFileType = sourcecode.c.h; path = ReachabilityHelper.h; sourceTree = "<group>"; };
		F64BABD92A493BC8002B923F /* ReachabilityHelper.m */ = {isa = PBXFileReference; lastKnownFileType = sourcecode.c.objc; path = ReachabilityHelper.m; sourceTree = "<group>"; };
		F64BABDB2A4A81B0002B923F /* FileData.h */ = {isa = PBXFileReference; lastKnownFileType = sourcecode.c.h; path = FileData.h; sourceTree = "<group>"; };
		F64BABDC2A4A81B9002B923F /* FileData.m */ = {isa = PBXFileReference; lastKnownFileType = sourcecode.c.objc; path = FileData.m; sourceTree = "<group>"; };
		F64BAFD02A4AECB5002B923F /* StorageManager.h */ = {isa = PBXFileReference; lastKnownFileType = sourcecode.c.h; path = StorageManager.h; sourceTree = "<group>"; };
		F64BAFD12A4AECBE002B923F /* StorageManager.m */ = {isa = PBXFileReference; lastKnownFileType = sourcecode.c.objc; path = StorageManager.m; sourceTree = "<group>"; };
		F64BAFD32A4AEDC6002B923F /* ZODownloadManagerType.h */ = {isa = PBXFileReference; lastKnownFileType = sourcecode.c.h; path = ZODownloadManagerType.h; sourceTree = "<group>"; };
		F64BAFD42A4BD24A002B923F /* StorageManagerType.h */ = {isa = PBXFileReference; lastKnownFileType = sourcecode.c.h; path = StorageManagerType.h; sourceTree = "<group>"; };
		F64BAFE02A4C198E002B923F /* AppEnvironment.h */ = {isa = PBXFileReference; lastKnownFileType = sourcecode.c.h; path = AppEnvironment.h; sourceTree = "<group>"; };
		F64BAFE12A4C1A47002B923F /* AppEnvironment.m */ = {isa = PBXFileReference; lastKnownFileType = sourcecode.c.objc; path = AppEnvironment.m; sourceTree = "<group>"; };
		F64BAFE62A4E7A1F002B923F /* ZOPriorityQueue.h */ = {isa = PBXFileReference; lastKnownFileType = sourcecode.c.h; path = ZOPriorityQueue.h; sourceTree = "<group>"; };
		F64BAFE72A4E7A2A002B923F /* ZOPrirorityQueue.m */ = {isa = PBXFileReference; lastKnownFileType = sourcecode.c.objc; path = ZOPrirorityQueue.m; sourceTree = "<group>"; };
		F64BAFEA2A4E7FE9002B923F /* ZOHeap.h */ = {isa = PBXFileReference; lastKnownFileType = sourcecode.c.h; path = ZOHeap.h; sourceTree = "<group>"; };
		F64BAFEB2A4E7FF1002B923F /* ZOHeap.m */ = {isa = PBXFileReference; lastKnownFileType = sourcecode.c.objc; path = ZOHeap.m; sourceTree = "<group>"; };
		F64BAFF52A51825C002B923F /* ChatDetailBusinessModel.h */ = {isa = PBXFileReference; lastKnownFileType = sourcecode.c.h; path = ChatDetailBusinessModel.h; sourceTree = "<group>"; };
		F64BAFF62A518271002B923F /* ChatDetailEntity.h */ = {isa = PBXFileReference; lastKnownFileType = sourcecode.c.h; path = ChatDetailEntity.h; sourceTree = "<group>"; };
		F64BAFF72A518281002B923F /* ChatDetailReporitoryInterface.h */ = {isa = PBXFileReference; lastKnownFileType = sourcecode.c.h; path = ChatDetailReporitoryInterface.h; sourceTree = "<group>"; };
		F64BAFF92A5182A0002B923F /* ChatDetailDataRepository.h */ = {isa = PBXFileReference; lastKnownFileType = sourcecode.c.h; path = ChatDetailDataRepository.h; sourceTree = "<group>"; };
		F64BAFFD2A518842002B923F /* ChatDetailBusinessModel.m */ = {isa = PBXFileReference; lastKnownFileType = sourcecode.c.objc; path = ChatDetailBusinessModel.m; sourceTree = "<group>"; };
		F64BB0032A51AC7A002B923F /* ChatDetailEntity.m */ = {isa = PBXFileReference; lastKnownFileType = sourcecode.c.objc; path = ChatDetailEntity.m; sourceTree = "<group>"; };
		F64BB0052A51AEC9002B923F /* ChatDetailDataRepository.m */ = {isa = PBXFileReference; lastKnownFileType = sourcecode.c.objc; path = ChatDetailDataRepository.m; sourceTree = "<group>"; };
		F658796A2A56AC0900293FFD /* ChatRoomDBRepository.m */ = {isa = PBXFileReference; lastKnownFileType = sourcecode.c.objc; path = ChatRoomDBRepository.m; sourceTree = "<group>"; };
		F658796C2A56B58100293FFD /* FileDBRepository.m */ = {isa = PBXFileReference; lastKnownFileType = sourcecode.c.objc; path = FileDBRepository.m; sourceTree = "<group>"; };
		F65879712A57EE1D00293FFD /* ChatRoomBusinessModel.h */ = {isa = PBXFileReference; lastKnownFileType = sourcecode.c.h; path = ChatRoomBusinessModel.h; sourceTree = "<group>"; };
		F65879722A57EE2600293FFD /* ChatRoomBusinessModel.m */ = {isa = PBXFileReference; lastKnownFileType = sourcecode.c.objc; path = ChatRoomBusinessModel.m; sourceTree = "<group>"; };
		F65879742A57EE3100293FFD /* ChatRoomRepositoryInterface.h */ = {isa = PBXFileReference; lastKnownFileType = sourcecode.c.h; path = ChatRoomRepositoryInterface.h; sourceTree = "<group>"; };
		F65879752A57EE3A00293FFD /* ChatRoomEntity.h */ = {isa = PBXFileReference; lastKnownFileType = sourcecode.c.h; path = ChatRoomEntity.h; sourceTree = "<group>"; };
		F65879762A57EE4300293FFD /* ChatRoomEntity.m */ = {isa = PBXFileReference; lastKnownFileType = sourcecode.c.objc; path = ChatRoomEntity.m; sourceTree = "<group>"; };
		F65879782A57EE7A00293FFD /* ChatRoomDataRepository.h */ = {isa = PBXFileReference; lastKnownFileType = sourcecode.c.h; path = ChatRoomDataRepository.h; sourceTree = "<group>"; };
		F65879792A57EE8500293FFD /* ChatRoomDataRepository.m */ = {isa = PBXFileReference; lastKnownFileType = sourcecode.c.objc; path = ChatRoomDataRepository.m; sourceTree = "<group>"; };
		F65879832A5BF05300293FFD /* DIInterface.h */ = {isa = PBXFileReference; lastKnownFileType = sourcecode.c.h; path = DIInterface.h; sourceTree = "<group>"; };
		F65879852A5D052200293FFD /* ChatMessageProvider.h */ = {isa = PBXFileReference; lastKnownFileType = sourcecode.c.h; path = ChatMessageProvider.h; sourceTree = "<group>"; };
		F65879862A5D052F00293FFD /* ChatMessageProvider.m */ = {isa = PBXFileReference; lastKnownFileType = sourcecode.c.objc; path = ChatMessageProvider.m; sourceTree = "<group>"; };
		F658798B2A5D0E7100293FFD /* FileDataProvider.h */ = {isa = PBXFileReference; lastKnownFileType = sourcecode.c.h; path = FileDataProvider.h; sourceTree = "<group>"; };
		F658798C2A5D0E7B00293FFD /* FileDataProvider.m */ = {isa = PBXFileReference; lastKnownFileType = sourcecode.c.objc; path = FileDataProvider.m; sourceTree = "<group>"; };
		F658798F2A5D32EE00293FFD /* ChatRoomProvider.h */ = {isa = PBXFileReference; lastKnownFileType = sourcecode.c.h; path = ChatRoomProvider.h; sourceTree = "<group>"; };
		F65879902A5D32F800293FFD /* ChatRoomProvider.m */ = {isa = PBXFileReference; lastKnownFileType = sourcecode.c.objc; path = ChatRoomProvider.m; sourceTree = "<group>"; };
		F6C43EEF2A3AEF0D001D8715 /* storage2.app */ = {isa = PBXFileReference; explicitFileType = wrapper.application; includeInIndex = 0; path = storage2.app; sourceTree = BUILT_PRODUCTS_DIR; };
		F6C43EF22A3AEF0D001D8715 /* AppDelegate.h */ = {isa = PBXFileReference; lastKnownFileType = sourcecode.c.h; path = AppDelegate.h; sourceTree = "<group>"; };
		F6C43EF32A3AEF0D001D8715 /* AppDelegate.m */ = {isa = PBXFileReference; lastKnownFileType = sourcecode.c.objc; path = AppDelegate.m; sourceTree = "<group>"; };
		F6C43EF52A3AEF0D001D8715 /* SceneDelegate.h */ = {isa = PBXFileReference; lastKnownFileType = sourcecode.c.h; path = SceneDelegate.h; sourceTree = "<group>"; };
		F6C43EF62A3AEF0D001D8715 /* SceneDelegate.m */ = {isa = PBXFileReference; lastKnownFileType = sourcecode.c.objc; path = SceneDelegate.m; sourceTree = "<group>"; };
		F6C43EF82A3AEF0D001D8715 /* ChatRoomViewController.h */ = {isa = PBXFileReference; lastKnownFileType = sourcecode.c.h; path = ChatRoomViewController.h; sourceTree = "<group>"; };
		F6C43EF92A3AEF0D001D8715 /* ChatRoomViewController.m */ = {isa = PBXFileReference; lastKnownFileType = sourcecode.c.objc; path = ChatRoomViewController.m; sourceTree = "<group>"; };
		F6C43EFC2A3AEF0D001D8715 /* Base */ = {isa = PBXFileReference; lastKnownFileType = file.storyboard; name = Base; path = Base.lproj/Main.storyboard; sourceTree = "<group>"; };
		F6C43EFE2A3AEF0D001D8715 /* Assets.xcassets */ = {isa = PBXFileReference; lastKnownFileType = folder.assetcatalog; path = Assets.xcassets; sourceTree = "<group>"; };
		F6C43F012A3AEF0D001D8715 /* Base */ = {isa = PBXFileReference; lastKnownFileType = file.storyboard; name = Base; path = Base.lproj/LaunchScreen.storyboard; sourceTree = "<group>"; };
		F6C43F032A3AEF0D001D8715 /* Info.plist */ = {isa = PBXFileReference; lastKnownFileType = text.plist.xml; path = Info.plist; sourceTree = "<group>"; };
		F6C43F042A3AEF0D001D8715 /* main.m */ = {isa = PBXFileReference; lastKnownFileType = sourcecode.c.objc; path = main.m; sourceTree = "<group>"; };
		F6C43F152A3AF0A1001D8715 /* ChatRoomView.storyboard */ = {isa = PBXFileReference; lastKnownFileType = file.storyboard; path = ChatRoomView.storyboard; sourceTree = "<group>"; };
		F6C43F172A3AF0D3001D8715 /* ChatRoomViewModel.h */ = {isa = PBXFileReference; fileEncoding = 4; lastKnownFileType = sourcecode.c.h; path = ChatRoomViewModel.h; sourceTree = "<group>"; };
		F6C43F182A3AF0D3001D8715 /* ChatRoomViewModel.m */ = {isa = PBXFileReference; fileEncoding = 4; lastKnownFileType = sourcecode.c.objc; path = ChatRoomViewModel.m; sourceTree = "<group>"; };
		F6C43F1C2A3AF139001D8715 /* ChatRoomData.h */ = {isa = PBXFileReference; fileEncoding = 4; lastKnownFileType = sourcecode.c.h; path = ChatRoomData.h; sourceTree = "<group>"; };
		F6C43F1D2A3AF139001D8715 /* ChatRoomData.m */ = {isa = PBXFileReference; fileEncoding = 4; lastKnownFileType = sourcecode.c.objc; path = ChatRoomData.m; sourceTree = "<group>"; };
		F6C43F1F2A3AF139001D8715 /* ChatRoomSectionController.m */ = {isa = PBXFileReference; fileEncoding = 4; lastKnownFileType = sourcecode.c.objc; path = ChatRoomSectionController.m; sourceTree = "<group>"; };
		F6C43F202A3AF139001D8715 /* ChatRoomSectionController.h */ = {isa = PBXFileReference; fileEncoding = 4; lastKnownFileType = sourcecode.c.h; path = ChatRoomSectionController.h; sourceTree = "<group>"; };
		F6C43F222A3AF139001D8715 /* ChatRoomCell.h */ = {isa = PBXFileReference; fileEncoding = 4; lastKnownFileType = sourcecode.c.h; path = ChatRoomCell.h; sourceTree = "<group>"; };
		F6C43F232A3AF139001D8715 /* ChatRoomCell.m */ = {isa = PBXFileReference; fileEncoding = 4; lastKnownFileType = sourcecode.c.objc; path = ChatRoomCell.m; sourceTree = "<group>"; };
		F6C43F242A3AF139001D8715 /* ChatRoomCell.xib */ = {isa = PBXFileReference; fileEncoding = 4; lastKnownFileType = file.xib; path = ChatRoomCell.xib; sourceTree = "<group>"; };
		F6C43F2A2A3B0D0A001D8715 /* ChatDetailViewController.h */ = {isa = PBXFileReference; lastKnownFileType = sourcecode.c.h; path = ChatDetailViewController.h; sourceTree = "<group>"; };
		F6C43F2B2A3B0D15001D8715 /* ChatDetailViewController.m */ = {isa = PBXFileReference; lastKnownFileType = sourcecode.c.objc; path = ChatDetailViewController.m; sourceTree = "<group>"; };
		F6C43F2D2A3B0D3A001D8715 /* ChatDetailViewModel.h */ = {isa = PBXFileReference; lastKnownFileType = sourcecode.c.h; path = ChatDetailViewModel.h; sourceTree = "<group>"; };
		F6C43F2E2A3B0D45001D8715 /* ChatDetailViewModel.m */ = {isa = PBXFileReference; lastKnownFileType = sourcecode.c.objc; path = ChatDetailViewModel.m; sourceTree = "<group>"; };
		F6C43F302A3B0D53001D8715 /* ChatDetailView.storyboard */ = {isa = PBXFileReference; lastKnownFileType = file.storyboard; path = ChatDetailView.storyboard; sourceTree = "<group>"; };
		F6C43F322A3B0E8C001D8715 /* ChatMessageData.m */ = {isa = PBXFileReference; lastKnownFileType = sourcecode.c.objc; path = ChatMessageData.m; sourceTree = "<group>"; };
		F6C43F342A3B0E95001D8715 /* ChatMessageData.h */ = {isa = PBXFileReference; lastKnownFileType = sourcecode.c.h; path = ChatMessageData.h; sourceTree = "<group>"; };
		F6C43F352A3B10D8001D8715 /* ChatDetailSectionController.h */ = {isa = PBXFileReference; lastKnownFileType = sourcecode.c.h; path = ChatDetailSectionController.h; sourceTree = "<group>"; };
		F6C43F362A3B10E3001D8715 /* ChatDetailSectionController.m */ = {isa = PBXFileReference; lastKnownFileType = sourcecode.c.objc; path = ChatDetailSectionController.m; sourceTree = "<group>"; };
		F6C43F382A3B1159001D8715 /* ChatMessageCell.m */ = {isa = PBXFileReference; lastKnownFileType = sourcecode.c.objc; path = ChatMessageCell.m; sourceTree = "<group>"; };
		F6C43F3A2A3B1162001D8715 /* ChatMessageCell.h */ = {isa = PBXFileReference; lastKnownFileType = sourcecode.c.h; path = ChatMessageCell.h; sourceTree = "<group>"; };
		F6C43F3C2A3B2A29001D8715 /* StorageViewController.h */ = {isa = PBXFileReference; lastKnownFileType = sourcecode.c.h; path = StorageViewController.h; sourceTree = "<group>"; };
		F6C43F3D2A3B2A39001D8715 /* StorageViewController.m */ = {isa = PBXFileReference; lastKnownFileType = sourcecode.c.objc; path = StorageViewController.m; sourceTree = "<group>"; };
		F6C43F3F2A3B2A48001D8715 /* StorageViewModel.h */ = {isa = PBXFileReference; lastKnownFileType = sourcecode.c.h; path = StorageViewModel.h; sourceTree = "<group>"; };
		F6C43F402A3B2A53001D8715 /* StorageViewModel.m */ = {isa = PBXFileReference; lastKnownFileType = sourcecode.c.objc; path = StorageViewModel.m; sourceTree = "<group>"; };
		F6C43F422A3B2A5F001D8715 /* StorageView.storyboard */ = {isa = PBXFileReference; lastKnownFileType = file.storyboard; path = StorageView.storyboard; sourceTree = "<group>"; };
		F6C43F472A3C07A5001D8715 /* ChatMessageCell.xib */ = {isa = PBXFileReference; lastKnownFileType = file.xib; path = ChatMessageCell.xib; sourceTree = "<group>"; };
		F6C43F4A2A3C39DC001D8715 /* FileHelper.h */ = {isa = PBXFileReference; lastKnownFileType = sourcecode.c.h; path = FileHelper.h; sourceTree = "<group>"; };
		F6C43F4B2A3C39EA001D8715 /* FileHelper.m */ = {isa = PBXFileReference; lastKnownFileType = sourcecode.c.objc; path = FileHelper.m; sourceTree = "<group>"; };
		F6C43F4E2A3C425C001D8715 /* FileType.h */ = {isa = PBXFileReference; lastKnownFileType = sourcecode.c.h; path = FileType.h; sourceTree = "<group>"; };
		F6EFC9392A5272A400DDEDF4 /* AppDI.h */ = {isa = PBXFileReference; lastKnownFileType = sourcecode.c.h; path = AppDI.h; sourceTree = "<group>"; };
		F6EFC93A2A5272AE00DDEDF4 /* AppDI.m */ = {isa = PBXFileReference; lastKnownFileType = sourcecode.c.objc; path = AppDI.m; sourceTree = "<group>"; };
		F6EFC93C2A5272B700DDEDF4 /* ChatDetailBuilder.h */ = {isa = PBXFileReference; lastKnownFileType = sourcecode.c.h; path = ChatDetailBuilder.h; sourceTree = "<group>"; };
		F6EFC93D2A5272C300DDEDF4 /* ChatDetailBuilder.m */ = {isa = PBXFileReference; lastKnownFileType = sourcecode.c.objc; path = ChatDetailBuilder.m; sourceTree = "<group>"; };
		F6EFC9402A5275AB00DDEDF4 /* ChatRoomBuilder.h */ = {isa = PBXFileReference; lastKnownFileType = sourcecode.c.h; path = ChatRoomBuilder.h; sourceTree = "<group>"; };
		F6EFC9412A52771800DDEDF4 /* ChatRoomBuilder.m */ = {isa = PBXFileReference; lastKnownFileType = sourcecode.c.objc; path = ChatRoomBuilder.m; sourceTree = "<group>"; };
		F6EFC94D2A53D78C00DDEDF4 /* ZODownloadRepositoryInterface.h */ = {isa = PBXFileReference; lastKnownFileType = sourcecode.c.h; path = ZODownloadRepositoryInterface.h; sourceTree = "<group>"; };
		F6EFC94E2A53D79A00DDEDF4 /* ZOUrlSessionDownloadRepostiory.h */ = {isa = PBXFileReference; lastKnownFileType = sourcecode.c.h; path = ZOUrlSessionDownloadRepostiory.h; sourceTree = "<group>"; };
		F6EFC94F2A53D7A600DDEDF4 /* ZOUrlSessionDownloadRepository.m */ = {isa = PBXFileReference; lastKnownFileType = sourcecode.c.objc; path = ZOUrlSessionDownloadRepository.m; sourceTree = "<group>"; };
		F6EFC9562A5552AD00DDEDF4 /* ChatMessageDBRepository.h */ = {isa = PBXFileReference; lastKnownFileType = sourcecode.c.h; path = ChatMessageDBRepository.h; sourceTree = "<group>"; };
		F6EFC9572A5552B700DDEDF4 /* ChatRoomDBRepository.h */ = {isa = PBXFileReference; lastKnownFileType = sourcecode.c.h; path = ChatRoomDBRepository.h; sourceTree = "<group>"; };
		F6EFC9582A5552C400DDEDF4 /* FileDBRepository.h */ = {isa = PBXFileReference; lastKnownFileType = sourcecode.c.h; path = FileDBRepository.h; sourceTree = "<group>"; };
		F6EFC9592A5552D900DDEDF4 /* DBRepositoryInterface.h */ = {isa = PBXFileReference; lastKnownFileType = sourcecode.c.h; path = DBRepositoryInterface.h; sourceTree = "<group>"; };
		F6EFC95A2A5554BB00DDEDF4 /* ChatMessageDBRepository.m */ = {isa = PBXFileReference; lastKnownFileType = sourcecode.c.objc; path = ChatMessageDBRepository.m; sourceTree = "<group>"; };
		F6FF767B2A5D5E94003A1EF4 /* StorageBusinessModel.h */ = {isa = PBXFileReference; lastKnownFileType = sourcecode.c.h; path = StorageBusinessModel.h; sourceTree = "<group>"; };
		F6FF767C2A5D5EA1003A1EF4 /* StorageBusinessModel.m */ = {isa = PBXFileReference; lastKnownFileType = sourcecode.c.objc; path = StorageBusinessModel.m; sourceTree = "<group>"; };
		F6FF767E2A5D5EAD003A1EF4 /* StorageEntity.h */ = {isa = PBXFileReference; lastKnownFileType = sourcecode.c.h; path = StorageEntity.h; sourceTree = "<group>"; };
		F6FF767F2A5D5EB6003A1EF4 /* StorageEntity.m */ = {isa = PBXFileReference; lastKnownFileType = sourcecode.c.objc; path = StorageEntity.m; sourceTree = "<group>"; };
		F6FF76812A5D5EC1003A1EF4 /* StorageRepositoryInterface.h */ = {isa = PBXFileReference; lastKnownFileType = sourcecode.c.h; path = StorageRepositoryInterface.h; sourceTree = "<group>"; };
		F6FF76822A5D5ED2003A1EF4 /* StorageDataRepository.h */ = {isa = PBXFileReference; lastKnownFileType = sourcecode.c.h; path = StorageDataRepository.h; sourceTree = "<group>"; };
		F6FF76832A5D5EDE003A1EF4 /* StorageDataRepository.m */ = {isa = PBXFileReference; lastKnownFileType = sourcecode.c.objc; path = StorageDataRepository.m; sourceTree = "<group>"; };
		F6FF76852A5D5EF8003A1EF4 /* StorageBuilder.h */ = {isa = PBXFileReference; lastKnownFileType = sourcecode.c.h; path = StorageBuilder.h; sourceTree = "<group>"; };
		F6FF76862A5D5F02003A1EF4 /* StorageBuilder.m */ = {isa = PBXFileReference; lastKnownFileType = sourcecode.c.objc; path = StorageBuilder.m; sourceTree = "<group>"; };
		F6FF768D2A5E8EAC003A1EF4 /* StorageTableCell.h */ = {isa = PBXFileReference; lastKnownFileType = sourcecode.c.h; path = StorageTableCell.h; sourceTree = "<group>"; };
		F6FF768E2A5E8EB7003A1EF4 /* StorageTableCell.m */ = {isa = PBXFileReference; lastKnownFileType = sourcecode.c.objc; path = StorageTableCell.m; sourceTree = "<group>"; };
		F6FF76902A5E8F74003A1EF4 /* StorageTableCell.xib */ = {isa = PBXFileReference; lastKnownFileType = file.xib; path = StorageTableCell.xib; sourceTree = "<group>"; };
/* End PBXFileReference section */

/* Begin PBXFrameworksBuildPhase section */
		F6C43EEC2A3AEF0D001D8715 /* Frameworks */ = {
			isa = PBXFrameworksBuildPhase;
			buildActionMask = 2147483647;
			files = (
				F61F70C62A613A4F006D6892 /* libsqlite3.tbd in Frameworks */,
				F61F70C52A6136FD006D6892 /* libsqlite3.0.tbd in Frameworks */,
				F60BD33C2A5EA49D006DCF69 /* Pods_storage2.framework in Frameworks */,
			);
			runOnlyForDeploymentPostprocessing = 0;
		};
/* End PBXFrameworksBuildPhase section */

/* Begin PBXGroup section */
		0E2E78DD5F7BA2BF4239FF6F /* Frameworks */ = {
			isa = PBXGroup;
			children = (
				F60BD33B2A5EA492006DCF69 /* libsqlite3.0.tbd */,
				F60BD33A2A5EA48D006DCF69 /* libsqlite3.tbd */,
				E19C3CDB4D176A0EF12B2065 /* Pods_storage2.framework */,
			);
			name = Frameworks;
			sourceTree = "<group>";
		};
		71F117CF78F9D3E70DB6BD80 /* Pods */ = {
			isa = PBXGroup;
			children = (
				2428DBFDEBA3038772A072A5 /* Pods-storage2.debug.xcconfig */,
				41FF497A3D8960B438AD9763 /* Pods-storage2.release.xcconfig */,
			);
			path = Pods;
			sourceTree = "<group>";
		};
		F61F70C72A613C80006D6892 /* SQLite */ = {
			isa = PBXGroup;
			children = (
				F61F70C92A613C92006D6892 /* sqlite3.h */,
				F61F70C82A613C92006D6892 /* sqlite3ext.h */,
			);
			path = SQLite;
			sourceTree = "<group>";
		};
		F64BAB662A3DA439002B923F /* DatabaseManager */ = {
			isa = PBXGroup;
			children = (
				F6EFC9552A55529300DDEDF4 /* DBRepository */,
				F64BAB672A3DA448002B923F /* DatabaseService.h */,
				F64BAB682A3DA456002B923F /* DatabaseService.m */,
			);
			path = DatabaseManager;
			sourceTree = "<group>";
		};
		F64BAB702A3F04C4002B923F /* Coordinators */ = {
			isa = PBXGroup;
			children = (
				F64BAB722A3F0593002B923F /* Coordinator.h */,
				F64BAB732A3F05CA002B923F /* Coordinator.m */,
				F64BAB752A3F080B002B923F /* BaseCoordinator.h */,
				F64BAB7B2A3F0C2F002B923F /* BaseCoordinator.m */,
				F64BAB782A3F08C1002B923F /* AppCoordinator.h */,
				F64BAB792A3F08CA002B923F /* AppCoordinator.m */,
				F64BAB802A3F0EFD002B923F /* ChatRoomCoordinator.h */,
				F64BAB812A3F0F06002B923F /* ChatRoomCoordinator.m */,
			);
			path = Coordinators;
			sourceTree = "<group>";
		};
		F64BAB832A4040DB002B923F /* HashHelper */ = {
			isa = PBXGroup;
			children = (
				F64BAB842A4040E9002B923F /* HashHelper.h */,
				F64BAB852A4040F3002B923F /* HashHelper.m */,
			);
			path = HashHelper;
			sourceTree = "<group>";
		};
		F64BAB872A405397002B923F /* CircleGraphView */ = {
			isa = PBXGroup;
			children = (
				F64BAB882A4053B3002B923F /* CircleGraphComponent.h */,
				F64BAB892A4053D1002B923F /* CircleGraphComponent.m */,
				F64BAB8B2A4053D9002B923F /* CircleGraphView.h */,
				F64BAB8C2A4053E3002B923F /* CircleGraphView.m */,
			);
			path = CircleGraphView;
			sourceTree = "<group>";
		};
		F64BABB52A42DB30002B923F /* CacheService */ = {
			isa = PBXGroup;
			children = (
				F64BABB62A42DB3C002B923F /* CacheService.h */,
				F64BABB72A42DB46002B923F /* CacheService.m */,
			);
			path = CacheService;
			sourceTree = "<group>";
		};
		F64BABB92A42DF0D002B923F /* Compressor */ = {
			isa = PBXGroup;
			children = (
				F64BABBA2A42DF1B002B923F /* CompressorHelper.h */,
				F64BABBB2A42DF25002B923F /* CompressorHelper.m */,
			);
			path = Compressor;
			sourceTree = "<group>";
		};
		F64BABC02A4404C0002B923F /* ChatRoomCell */ = {
			isa = PBXGroup;
			children = (
				F6C43F222A3AF139001D8715 /* ChatRoomCell.h */,
				F6C43F232A3AF139001D8715 /* ChatRoomCell.m */,
				F6C43F242A3AF139001D8715 /* ChatRoomCell.xib */,
			);
			path = ChatRoomCell;
			sourceTree = "<group>";
		};
		F64BABC12A4404C6002B923F /* ChatMessageCell */ = {
			isa = PBXGroup;
			children = (
				F6C43F382A3B1159001D8715 /* ChatMessageCell.m */,
				F6C43F3A2A3B1162001D8715 /* ChatMessageCell.h */,
				F6C43F472A3C07A5001D8715 /* ChatMessageCell.xib */,
			);
			path = ChatMessageCell;
			sourceTree = "<group>";
		};
		F64BABC22A4404CA002B923F /* StorageInfoCell */ = {
			isa = PBXGroup;
			children = (
				F64BABB02A429940002B923F /* StorageInfoCell.xib */,
				F64BABB22A429A1D002B923F /* StorageInfoCell.h */,
				F64BABB32A429A38002B923F /* StorageInfoCell.m */,
			);
			path = StorageInfoCell;
			sourceTree = "<group>";
		};
		F64BABC32A4404E0002B923F /* ZOStatePresentable */ = {
			isa = PBXGroup;
			children = (
				F64BABC42A44056D002B923F /* ZOStatePresentable.h */,
				F64BABC52A44057A002B923F /* ZOStatePresentable.m */,
			);
			path = ZOStatePresentable;
			sourceTree = "<group>";
		};
		F64BABC72A4536BE002B923F /* Skeleton */ = {
			isa = PBXGroup;
			children = (
				F64BABC82A4536D8002B923F /* Skeletonable.h */,
				F64BABC92A4536EB002B923F /* Skeletonable.m */,
			);
			path = Skeleton;
			sourceTree = "<group>";
		};
		F64BABCB2A4839DC002B923F /* DownloadManager */ = {
			isa = PBXGroup;
			children = (
				F6EFC94C2A53D77C00DDEDF4 /* ZODownloadRepository */,
				F64BAFE52A4E7A12002B923F /* ZOPriorityQueue */,
				F64BABCF2A483A07002B923F /* DownloadUnit */,
				F64BABCC2A4839EF002B923F /* ZODownloadManager.h */,
				F64BABCD2A4839FA002B923F /* ZODownloadManager.m */,
				F64BAFD32A4AEDC6002B923F /* ZODownloadManagerType.h */,
			);
			path = DownloadManager;
			sourceTree = "<group>";
		};
		F64BABCF2A483A07002B923F /* DownloadUnit */ = {
			isa = PBXGroup;
			children = (
				F64BABD02A483A36002B923F /* ZODownloadItem.h */,
				F64BABD12A483A3F002B923F /* ZODownloadItem.m */,
				F61179202A64EC7600D69175 /* ZODownloadUnit.h */,
				F61179212A64EC7F00D69175 /* ZODownloadUnit.m */,
			);
			path = DownloadUnit;
			sourceTree = "<group>";
		};
		F64BABD72A493BB5002B923F /* ReachabilityHelper */ = {
			isa = PBXGroup;
			children = (
				F64BABD82A493BBF002B923F /* ReachabilityHelper.h */,
				F64BABD92A493BC8002B923F /* ReachabilityHelper.m */,
			);
			path = ReachabilityHelper;
			sourceTree = "<group>";
		};
		F64BAFCF2A4AECAA002B923F /* StorageManager */ = {
			isa = PBXGroup;
			children = (
				F64BAFD02A4AECB5002B923F /* StorageManager.h */,
				F64BAFD12A4AECBE002B923F /* StorageManager.m */,
				F64BAFD42A4BD24A002B923F /* StorageManagerType.h */,
			);
			path = StorageManager;
			sourceTree = "<group>";
		};
		F64BAFE52A4E7A12002B923F /* ZOPriorityQueue */ = {
			isa = PBXGroup;
			children = (
				F64BAFE92A4E7FDB002B923F /* ZOHeap */,
				F64BAFE62A4E7A1F002B923F /* ZOPriorityQueue.h */,
				F64BAFE72A4E7A2A002B923F /* ZOPrirorityQueue.m */,
			);
			path = ZOPriorityQueue;
			sourceTree = "<group>";
		};
		F64BAFE92A4E7FDB002B923F /* ZOHeap */ = {
			isa = PBXGroup;
			children = (
				F64BAFEA2A4E7FE9002B923F /* ZOHeap.h */,
				F64BAFEB2A4E7FF1002B923F /* ZOHeap.m */,
			);
			path = ZOHeap;
			sourceTree = "<group>";
		};
		F64BAFED2A5180A1002B923F /* Features */ = {
			isa = PBXGroup;
			children = (
				F64BAB702A3F04C4002B923F /* Coordinators */,
				F6C43F3B2A3B2A12001D8715 /* StorageOverview */,
				F6C43F292A3B0CF2001D8715 /* ChatDetail */,
				F6C43F0B2A3AEF90001D8715 /* Home */,
			);
			path = Features;
			sourceTree = "<group>";
		};
		F64BAFF22A51822D002B923F /* ChatDetailPresentation */ = {
			isa = PBXGroup;
			children = (
				F6C43F2A2A3B0D0A001D8715 /* ChatDetailViewController.h */,
				F6C43F2B2A3B0D15001D8715 /* ChatDetailViewController.m */,
				F6C43F2D2A3B0D3A001D8715 /* ChatDetailViewModel.h */,
				F6C43F2E2A3B0D45001D8715 /* ChatDetailViewModel.m */,
				F6C43F302A3B0D53001D8715 /* ChatDetailView.storyboard */,
			);
			path = ChatDetailPresentation;
			sourceTree = "<group>";
		};
		F64BAFF32A518238002B923F /* ChatDetailDomain */ = {
			isa = PBXGroup;
			children = (
				F64BAFF52A51825C002B923F /* ChatDetailBusinessModel.h */,
				F64BAFFD2A518842002B923F /* ChatDetailBusinessModel.m */,
				F64BAFF72A518281002B923F /* ChatDetailReporitoryInterface.h */,
				F64BAFF62A518271002B923F /* ChatDetailEntity.h */,
				F64BB0032A51AC7A002B923F /* ChatDetailEntity.m */,
			);
			path = ChatDetailDomain;
			sourceTree = "<group>";
		};
		F64BAFF42A51823E002B923F /* ChatDetailData */ = {
			isa = PBXGroup;
			children = (
				F64BAFF92A5182A0002B923F /* ChatDetailDataRepository.h */,
				F64BB0052A51AEC9002B923F /* ChatDetailDataRepository.m */,
			);
			path = ChatDetailData;
			sourceTree = "<group>";
		};
		F65879672A56ABE000293FFD /* ChatMessageDBRepository */ = {
			isa = PBXGroup;
			children = (
				F6EFC9562A5552AD00DDEDF4 /* ChatMessageDBRepository.h */,
				F6EFC95A2A5554BB00DDEDF4 /* ChatMessageDBRepository.m */,
			);
			path = ChatMessageDBRepository;
			sourceTree = "<group>";
		};
		F65879682A56ABEF00293FFD /* ChatRoomDBRepository */ = {
			isa = PBXGroup;
			children = (
				F6EFC9572A5552B700DDEDF4 /* ChatRoomDBRepository.h */,
				F658796A2A56AC0900293FFD /* ChatRoomDBRepository.m */,
			);
			path = ChatRoomDBRepository;
			sourceTree = "<group>";
		};
		F65879692A56ABF600293FFD /* FileDBRepository */ = {
			isa = PBXGroup;
			children = (
				F6EFC9582A5552C400DDEDF4 /* FileDBRepository.h */,
				F658796C2A56B58100293FFD /* FileDBRepository.m */,
			);
			path = FileDBRepository;
			sourceTree = "<group>";
		};
		F658796E2A57EDE100293FFD /* ChatRoomData */ = {
			isa = PBXGroup;
			children = (
				F65879782A57EE7A00293FFD /* ChatRoomDataRepository.h */,
				F65879792A57EE8500293FFD /* ChatRoomDataRepository.m */,
			);
			path = ChatRoomData;
			sourceTree = "<group>";
		};
		F658796F2A57EDE600293FFD /* ChatRoomDomain */ = {
			isa = PBXGroup;
			children = (
				F65879712A57EE1D00293FFD /* ChatRoomBusinessModel.h */,
				F65879722A57EE2600293FFD /* ChatRoomBusinessModel.m */,
				F65879742A57EE3100293FFD /* ChatRoomRepositoryInterface.h */,
				F65879752A57EE3A00293FFD /* ChatRoomEntity.h */,
				F65879762A57EE4300293FFD /* ChatRoomEntity.m */,
			);
			path = ChatRoomDomain;
			sourceTree = "<group>";
		};
		F65879702A57EDEB00293FFD /* ChatRoomPresentation */ = {
			isa = PBXGroup;
			children = (
				F6C43F172A3AF0D3001D8715 /* ChatRoomViewModel.h */,
				F6C43F182A3AF0D3001D8715 /* ChatRoomViewModel.m */,
				F6C43EF82A3AEF0D001D8715 /* ChatRoomViewController.h */,
				F6C43EF92A3AEF0D001D8715 /* ChatRoomViewController.m */,
				F6C43F152A3AF0A1001D8715 /* ChatRoomView.storyboard */,
			);
			path = ChatRoomPresentation;
			sourceTree = "<group>";
		};
		F65879842A5D04E600293FFD /* ChatMessageProvider */ = {
			isa = PBXGroup;
			children = (
				F65879852A5D052200293FFD /* ChatMessageProvider.h */,
				F65879862A5D052F00293FFD /* ChatMessageProvider.m */,
			);
			path = ChatMessageProvider;
			sourceTree = "<group>";
		};
		F65879892A5D0E1B00293FFD /* Provider */ = {
			isa = PBXGroup;
			children = (
				F658798E2A5D32DE00293FFD /* ChatRoomProvider */,
				F658798A2A5D0E3800293FFD /* FileDataProvider */,
				F65879842A5D04E600293FFD /* ChatMessageProvider */,
			);
			path = Provider;
			sourceTree = "<group>";
		};
		F658798A2A5D0E3800293FFD /* FileDataProvider */ = {
			isa = PBXGroup;
			children = (
				F658798B2A5D0E7100293FFD /* FileDataProvider.h */,
				F658798C2A5D0E7B00293FFD /* FileDataProvider.m */,
			);
			path = FileDataProvider;
			sourceTree = "<group>";
		};
		F658798E2A5D32DE00293FFD /* ChatRoomProvider */ = {
			isa = PBXGroup;
			children = (
				F658798F2A5D32EE00293FFD /* ChatRoomProvider.h */,
				F65879902A5D32F800293FFD /* ChatRoomProvider.m */,
			);
			path = ChatRoomProvider;
			sourceTree = "<group>";
		};
		F6C43EE62A3AEF0D001D8715 = {
			isa = PBXGroup;
			children = (
				F6C43EF12A3AEF0D001D8715 /* storage2 */,
				F6C43EF02A3AEF0D001D8715 /* Products */,
				71F117CF78F9D3E70DB6BD80 /* Pods */,
				0E2E78DD5F7BA2BF4239FF6F /* Frameworks */,
			);
			sourceTree = "<group>";
		};
		F6C43EF02A3AEF0D001D8715 /* Products */ = {
			isa = PBXGroup;
			children = (
				F6C43EEF2A3AEF0D001D8715 /* storage2.app */,
			);
			name = Products;
			sourceTree = "<group>";
		};
		F6C43EF12A3AEF0D001D8715 /* storage2 */ = {
			isa = PBXGroup;
			children = (
				F64BAFED2A5180A1002B923F /* Features */,
				F6C43F492A3C39C9001D8715 /* Helpers */,
				F6C43F1A2A3AF139001D8715 /* Services */,
				F6C43F212A3AF139001D8715 /* Views */,
				F6C43F0C2A3AEF9C001D8715 /* App */,
			);
			path = storage2;
			sourceTree = "<group>";
		};
		F6C43F0B2A3AEF90001D8715 /* Home */ = {
			isa = PBXGroup;
			children = (
				F658796E2A57EDE100293FFD /* ChatRoomData */,
				F65879702A57EDEB00293FFD /* ChatRoomPresentation */,
				F658796F2A57EDE600293FFD /* ChatRoomDomain */,
			);
			path = Home;
			sourceTree = "<group>";
		};
		F6C43F0C2A3AEF9C001D8715 /* App */ = {
			isa = PBXGroup;
			children = (
				F6EFC93F2A52735300DDEDF4 /* AppDI */,
				F6EFC9382A52729700DDEDF4 /* AppEnvironment */,
				F6C43F032A3AEF0D001D8715 /* Info.plist */,
				F6C43EF22A3AEF0D001D8715 /* AppDelegate.h */,
				F6C43EF32A3AEF0D001D8715 /* AppDelegate.m */,
				F6C43EF52A3AEF0D001D8715 /* SceneDelegate.h */,
				F6C43EF62A3AEF0D001D8715 /* SceneDelegate.m */,
				F6C43EFB2A3AEF0D001D8715 /* Main.storyboard */,
				F6C43EFE2A3AEF0D001D8715 /* Assets.xcassets */,
				F6C43F002A3AEF0D001D8715 /* LaunchScreen.storyboard */,
				F6C43F042A3AEF0D001D8715 /* main.m */,
			);
			path = App;
			sourceTree = "<group>";
		};
		F6C43F1A2A3AF139001D8715 /* Services */ = {
			isa = PBXGroup;
			children = (
				F65879892A5D0E1B00293FFD /* Provider */,
				F6C43F1B2A3AF139001D8715 /* Models */,
			);
			path = Services;
			sourceTree = "<group>";
		};
		F6C43F1B2A3AF139001D8715 /* Models */ = {
			isa = PBXGroup;
			children = (
				F6C43F4E2A3C425C001D8715 /* FileType.h */,
				F6C43F1C2A3AF139001D8715 /* ChatRoomData.h */,
				F6C43F1D2A3AF139001D8715 /* ChatRoomData.m */,
				F6C43F342A3B0E95001D8715 /* ChatMessageData.h */,
				F6C43F322A3B0E8C001D8715 /* ChatMessageData.m */,
				F64BABDB2A4A81B0002B923F /* FileData.h */,
				F64BABDC2A4A81B9002B923F /* FileData.m */,
			);
			path = Models;
			sourceTree = "<group>";
		};
		F6C43F1E2A3AF139001D8715 /* SectionControllers */ = {
			isa = PBXGroup;
			children = (
				F6C43F1F2A3AF139001D8715 /* ChatRoomSectionController.m */,
				F6C43F202A3AF139001D8715 /* ChatRoomSectionController.h */,
				F6C43F352A3B10D8001D8715 /* ChatDetailSectionController.h */,
				F6C43F362A3B10E3001D8715 /* ChatDetailSectionController.m */,
			);
			path = SectionControllers;
			sourceTree = "<group>";
		};
		F6C43F212A3AF139001D8715 /* Views */ = {
			isa = PBXGroup;
			children = (
				F6FF768C2A5E8E95003A1EF4 /* TableCell */,
				F6C43F1E2A3AF139001D8715 /* SectionControllers */,
				F64BABC32A4404E0002B923F /* ZOStatePresentable */,
				F64BABC22A4404CA002B923F /* StorageInfoCell */,
				F64BABC12A4404C6002B923F /* ChatMessageCell */,
				F64BABC02A4404C0002B923F /* ChatRoomCell */,
				F64BAB872A405397002B923F /* CircleGraphView */,
			);
			path = Views;
			sourceTree = "<group>";
		};
		F6C43F292A3B0CF2001D8715 /* ChatDetail */ = {
			isa = PBXGroup;
			children = (
				F64BAFF42A51823E002B923F /* ChatDetailData */,
				F64BAFF32A518238002B923F /* ChatDetailDomain */,
				F64BAFF22A51822D002B923F /* ChatDetailPresentation */,
			);
			path = ChatDetail;
			sourceTree = "<group>";
		};
		F6C43F3B2A3B2A12001D8715 /* StorageOverview */ = {
			isa = PBXGroup;
			children = (
				F6FF767A2A5D5E7D003A1EF4 /* StorageData */,
				F6FF76792A5D5E77003A1EF4 /* StorageDomain */,
				F6FF76782A5D5E6D003A1EF4 /* StoragePresentation */,
			);
			path = StorageOverview;
			sourceTree = "<group>";
		};
		F6C43F492A3C39C9001D8715 /* Helpers */ = {
			isa = PBXGroup;
			children = (
				F61F70C72A613C80006D6892 /* SQLite */,
				F64BAFCF2A4AECAA002B923F /* StorageManager */,
				F64BABD72A493BB5002B923F /* ReachabilityHelper */,
				F64BABCB2A4839DC002B923F /* DownloadManager */,
				F64BABC72A4536BE002B923F /* Skeleton */,
				F64BABB92A42DF0D002B923F /* Compressor */,
				F64BABB52A42DB30002B923F /* CacheService */,
				F64BAB832A4040DB002B923F /* HashHelper */,
				F64BAB662A3DA439002B923F /* DatabaseManager */,
				F6C43F4D2A3C39ED001D8715 /* FileHelper */,
			);
			path = Helpers;
			sourceTree = "<group>";
		};
		F6C43F4D2A3C39ED001D8715 /* FileHelper */ = {
			isa = PBXGroup;
			children = (
				F6C43F4A2A3C39DC001D8715 /* FileHelper.h */,
				F6C43F4B2A3C39EA001D8715 /* FileHelper.m */,
			);
			path = FileHelper;
			sourceTree = "<group>";
		};
		F6EFC9382A52729700DDEDF4 /* AppEnvironment */ = {
			isa = PBXGroup;
			children = (
				F64BAFE02A4C198E002B923F /* AppEnvironment.h */,
				F64BAFE12A4C1A47002B923F /* AppEnvironment.m */,
			);
			path = AppEnvironment;
			sourceTree = "<group>";
		};
		F6EFC93F2A52735300DDEDF4 /* AppDI */ = {
			isa = PBXGroup;
			children = (
				F6EFC9392A5272A400DDEDF4 /* AppDI.h */,
				F6EFC93A2A5272AE00DDEDF4 /* AppDI.m */,
				F6EFC93C2A5272B700DDEDF4 /* ChatDetailBuilder.h */,
				F6EFC93D2A5272C300DDEDF4 /* ChatDetailBuilder.m */,
				F6EFC9402A5275AB00DDEDF4 /* ChatRoomBuilder.h */,
				F6EFC9412A52771800DDEDF4 /* ChatRoomBuilder.m */,
				F65879832A5BF05300293FFD /* DIInterface.h */,
				F6FF76852A5D5EF8003A1EF4 /* StorageBuilder.h */,
				F6FF76862A5D5F02003A1EF4 /* StorageBuilder.m */,
			);
			path = AppDI;
			sourceTree = "<group>";
		};
		F6EFC94C2A53D77C00DDEDF4 /* ZODownloadRepository */ = {
			isa = PBXGroup;
			children = (
				F6EFC9542A550DF600DDEDF4 /* ZOUrlSessionDownload */,
				F6EFC94D2A53D78C00DDEDF4 /* ZODownloadRepositoryInterface.h */,
			);
			path = ZODownloadRepository;
			sourceTree = "<group>";
		};
		F6EFC9542A550DF600DDEDF4 /* ZOUrlSessionDownload */ = {
			isa = PBXGroup;
			children = (
				F6EFC94E2A53D79A00DDEDF4 /* ZOUrlSessionDownloadRepostiory.h */,
				F6EFC94F2A53D7A600DDEDF4 /* ZOUrlSessionDownloadRepository.m */,
			);
			path = ZOUrlSessionDownload;
			sourceTree = "<group>";
		};
		F6EFC9552A55529300DDEDF4 /* DBRepository */ = {
			isa = PBXGroup;
			children = (
				F65879692A56ABF600293FFD /* FileDBRepository */,
				F65879682A56ABEF00293FFD /* ChatRoomDBRepository */,
				F65879672A56ABE000293FFD /* ChatMessageDBRepository */,
				F6EFC9592A5552D900DDEDF4 /* DBRepositoryInterface.h */,
			);
			path = DBRepository;
			sourceTree = "<group>";
		};
		F6FF76782A5D5E6D003A1EF4 /* StoragePresentation */ = {
			isa = PBXGroup;
			children = (
				F6C43F3C2A3B2A29001D8715 /* StorageViewController.h */,
				F6C43F3D2A3B2A39001D8715 /* StorageViewController.m */,
				F6C43F3F2A3B2A48001D8715 /* StorageViewModel.h */,
				F6C43F402A3B2A53001D8715 /* StorageViewModel.m */,
				F6C43F422A3B2A5F001D8715 /* StorageView.storyboard */,
			);
			path = StoragePresentation;
			sourceTree = "<group>";
		};
		F6FF76792A5D5E77003A1EF4 /* StorageDomain */ = {
			isa = PBXGroup;
			children = (
				F6FF767B2A5D5E94003A1EF4 /* StorageBusinessModel.h */,
				F6FF767C2A5D5EA1003A1EF4 /* StorageBusinessModel.m */,
				F6FF767E2A5D5EAD003A1EF4 /* StorageEntity.h */,
				F6FF767F2A5D5EB6003A1EF4 /* StorageEntity.m */,
				F6FF76812A5D5EC1003A1EF4 /* StorageRepositoryInterface.h */,
			);
			path = StorageDomain;
			sourceTree = "<group>";
		};
		F6FF767A2A5D5E7D003A1EF4 /* StorageData */ = {
			isa = PBXGroup;
			children = (
				F6FF76822A5D5ED2003A1EF4 /* StorageDataRepository.h */,
				F6FF76832A5D5EDE003A1EF4 /* StorageDataRepository.m */,
			);
			path = StorageData;
			sourceTree = "<group>";
		};
		F6FF768C2A5E8E95003A1EF4 /* TableCell */ = {
			isa = PBXGroup;
			children = (
				F6FF768D2A5E8EAC003A1EF4 /* StorageTableCell.h */,
				F6FF768E2A5E8EB7003A1EF4 /* StorageTableCell.m */,
				F6FF76902A5E8F74003A1EF4 /* StorageTableCell.xib */,
			);
			path = TableCell;
			sourceTree = "<group>";
		};
/* End PBXGroup section */

/* Begin PBXNativeTarget section */
		F6C43EEE2A3AEF0D001D8715 /* storage2 */ = {
			isa = PBXNativeTarget;
			buildConfigurationList = F6C43F082A3AEF0D001D8715 /* Build configuration list for PBXNativeTarget "storage2" */;
			buildPhases = (
				0C5BBAE746E5F95131AAC52E /* [CP] Check Pods Manifest.lock */,
				F6C43EEB2A3AEF0D001D8715 /* Sources */,
				F6C43EEC2A3AEF0D001D8715 /* Frameworks */,
				F6C43EED2A3AEF0D001D8715 /* Resources */,
				13EA9974368941985FF92558 /* [CP] Embed Pods Frameworks */,
			);
			buildRules = (
			);
			dependencies = (
			);
			name = storage2;
			productName = storage2;
			productReference = F6C43EEF2A3AEF0D001D8715 /* storage2.app */;
			productType = "com.apple.product-type.application";
		};
/* End PBXNativeTarget section */

/* Begin PBXProject section */
		F6C43EE72A3AEF0D001D8715 /* Project object */ = {
			isa = PBXProject;
			attributes = {
				BuildIndependentTargetsInParallel = 1;
				LastUpgradeCheck = 1420;
				TargetAttributes = {
					F6C43EEE2A3AEF0D001D8715 = {
						CreatedOnToolsVersion = 14.2;
					};
				};
			};
			buildConfigurationList = F6C43EEA2A3AEF0D001D8715 /* Build configuration list for PBXProject "storage2" */;
			compatibilityVersion = "Xcode 14.0";
			developmentRegion = en;
			hasScannedForEncodings = 0;
			knownRegions = (
				en,
				Base,
			);
			mainGroup = F6C43EE62A3AEF0D001D8715;
			productRefGroup = F6C43EF02A3AEF0D001D8715 /* Products */;
			projectDirPath = "";
			projectRoot = "";
			targets = (
				F6C43EEE2A3AEF0D001D8715 /* storage2 */,
			);
		};
/* End PBXProject section */

/* Begin PBXResourcesBuildPhase section */
		F6C43EED2A3AEF0D001D8715 /* Resources */ = {
			isa = PBXResourcesBuildPhase;
			buildActionMask = 2147483647;
			files = (
				F6C43F312A3B0D53001D8715 /* ChatDetailView.storyboard in Resources */,
				F6C43F022A3AEF0D001D8715 /* LaunchScreen.storyboard in Resources */,
				F6C43F432A3B2A5F001D8715 /* StorageView.storyboard in Resources */,
				F6C43F162A3AF0A1001D8715 /* ChatRoomView.storyboard in Resources */,
				F6FF76912A5E8F74003A1EF4 /* StorageTableCell.xib in Resources */,
				F6C43F282A3AF139001D8715 /* ChatRoomCell.xib in Resources */,
				F6C43EFF2A3AEF0D001D8715 /* Assets.xcassets in Resources */,
				F6C43F482A3C07A5001D8715 /* ChatMessageCell.xib in Resources */,
				F6C43EFD2A3AEF0D001D8715 /* Main.storyboard in Resources */,
				F64BABB12A429940002B923F /* StorageInfoCell.xib in Resources */,
			);
			runOnlyForDeploymentPostprocessing = 0;
		};
/* End PBXResourcesBuildPhase section */

/* Begin PBXShellScriptBuildPhase section */
		0C5BBAE746E5F95131AAC52E /* [CP] Check Pods Manifest.lock */ = {
			isa = PBXShellScriptBuildPhase;
			buildActionMask = 2147483647;
			files = (
			);
			inputFileListPaths = (
			);
			inputPaths = (
				"${PODS_PODFILE_DIR_PATH}/Podfile.lock",
				"${PODS_ROOT}/Manifest.lock",
			);
			name = "[CP] Check Pods Manifest.lock";
			outputFileListPaths = (
			);
			outputPaths = (
				"$(DERIVED_FILE_DIR)/Pods-storage2-checkManifestLockResult.txt",
			);
			runOnlyForDeploymentPostprocessing = 0;
			shellPath = /bin/sh;
			shellScript = "diff \"${PODS_PODFILE_DIR_PATH}/Podfile.lock\" \"${PODS_ROOT}/Manifest.lock\" > /dev/null\nif [ $? != 0 ] ; then\n    # print error to STDERR\n    echo \"error: The sandbox is not in sync with the Podfile.lock. Run 'pod install' or update your CocoaPods installation.\" >&2\n    exit 1\nfi\n# This output is used by Xcode 'outputs' to avoid re-running this script phase.\necho \"SUCCESS\" > \"${SCRIPT_OUTPUT_FILE_0}\"\n";
			showEnvVarsInLog = 0;
		};
		13EA9974368941985FF92558 /* [CP] Embed Pods Frameworks */ = {
			isa = PBXShellScriptBuildPhase;
			buildActionMask = 2147483647;
			files = (
			);
			inputFileListPaths = (
				"${PODS_ROOT}/Target Support Files/Pods-storage2/Pods-storage2-frameworks-${CONFIGURATION}-input-files.xcfilelist",
			);
			name = "[CP] Embed Pods Frameworks";
			outputFileListPaths = (
				"${PODS_ROOT}/Target Support Files/Pods-storage2/Pods-storage2-frameworks-${CONFIGURATION}-output-files.xcfilelist",
			);
			runOnlyForDeploymentPostprocessing = 0;
			shellPath = /bin/sh;
			shellScript = "\"${PODS_ROOT}/Target Support Files/Pods-storage2/Pods-storage2-frameworks.sh\"\n";
			showEnvVarsInLog = 0;
		};
/* End PBXShellScriptBuildPhase section */

/* Begin PBXSourcesBuildPhase section */
		F6C43EEB2A3AEF0D001D8715 /* Sources */ = {
			isa = PBXSourcesBuildPhase;
			buildActionMask = 2147483647;
			files = (
				F65879872A5D052F00293FFD /* ChatMessageProvider.m in Sources */,
				F6EFC93B2A5272AE00DDEDF4 /* AppDI.m in Sources */,
				F6FF76842A5D5EDE003A1EF4 /* StorageDataRepository.m in Sources */,
				F6C43F2C2A3B0D15001D8715 /* ChatDetailViewController.m in Sources */,
				F6EFC9502A53D7A600DDEDF4 /* ZOUrlSessionDownloadRepository.m in Sources */,
				F6C43F2F2A3B0D45001D8715 /* ChatDetailViewModel.m in Sources */,
				F64BAFD22A4AECBE002B923F /* StorageManager.m in Sources */,
				F64BAFE82A4E7A2A002B923F /* ZOPrirorityQueue.m in Sources */,
				F6FF767D2A5D5EA1003A1EF4 /* StorageBusinessModel.m in Sources */,
				F6EFC9422A52771800DDEDF4 /* ChatRoomBuilder.m in Sources */,
				F6C43EFA2A3AEF0D001D8715 /* ChatRoomViewController.m in Sources */,
				F64BB0062A51AEC9002B923F /* ChatDetailDataRepository.m in Sources */,
				F64BAB862A4040F3002B923F /* HashHelper.m in Sources */,
				F6C43EF42A3AEF0D001D8715 /* AppDelegate.m in Sources */,
				F6C43F332A3B0E8C001D8715 /* ChatMessageData.m in Sources */,
				F64BABCA2A4536EB002B923F /* Skeletonable.m in Sources */,
				F6C43F052A3AEF0D001D8715 /* main.m in Sources */,
				F64BABB42A429A39002B923F /* StorageInfoCell.m in Sources */,
				F64BABDD2A4A81B9002B923F /* FileData.m in Sources */,
				F64BAB742A3F05CA002B923F /* Coordinator.m in Sources */,
				F64BABC62A44057A002B923F /* ZOStatePresentable.m in Sources */,
				F6C43F392A3B1159001D8715 /* ChatMessageCell.m in Sources */,
				F64BABD22A483A3F002B923F /* ZODownloadItem.m in Sources */,
				F64BABB82A42DB46002B923F /* CacheService.m in Sources */,
				F658796D2A56B58100293FFD /* FileDBRepository.m in Sources */,
				F658797A2A57EE8500293FFD /* ChatRoomDataRepository.m in Sources */,
				F64BAFFE2A518842002B923F /* ChatDetailBusinessModel.m in Sources */,
				F658796B2A56AC0900293FFD /* ChatRoomDBRepository.m in Sources */,
				F61179222A64EC7F00D69175 /* ZODownloadUnit.m in Sources */,
				F64BABBC2A42DF25002B923F /* CompressorHelper.m in Sources */,
				F6EFC93E2A5272C300DDEDF4 /* ChatDetailBuilder.m in Sources */,
				F64BAFEC2A4E7FF1002B923F /* ZOHeap.m in Sources */,
				F6C43F4C2A3C39EA001D8715 /* FileHelper.m in Sources */,
				F65879732A57EE2600293FFD /* ChatRoomBusinessModel.m in Sources */,
				F64BAB7A2A3F08CA002B923F /* AppCoordinator.m in Sources */,
				F64BAFE22A4C1A47002B923F /* AppEnvironment.m in Sources */,
				F6C43F412A3B2A53001D8715 /* StorageViewModel.m in Sources */,
				F64BAB692A3DA456002B923F /* DatabaseService.m in Sources */,
				F6FF76802A5D5EB6003A1EF4 /* StorageEntity.m in Sources */,
				F658798D2A5D0E7B00293FFD /* FileDataProvider.m in Sources */,
				F6C43F3E2A3B2A39001D8715 /* StorageViewController.m in Sources */,
				F6C43F252A3AF139001D8715 /* ChatRoomData.m in Sources */,
				F6C43F192A3AF0D3001D8715 /* ChatRoomViewModel.m in Sources */,
				F64BAB7C2A3F0C2F002B923F /* BaseCoordinator.m in Sources */,
				F6C43F372A3B10E3001D8715 /* ChatDetailSectionController.m in Sources */,
				F64BB0042A51AC7A002B923F /* ChatDetailEntity.m in Sources */,
				F64BAB8A2A4053D1002B923F /* CircleGraphComponent.m in Sources */,
				F64BAB8D2A4053E3002B923F /* CircleGraphView.m in Sources */,
				F6C43F272A3AF139001D8715 /* ChatRoomCell.m in Sources */,
				F64BAB822A3F0F06002B923F /* ChatRoomCoordinator.m in Sources */,
				F6C43EF72A3AEF0D001D8715 /* SceneDelegate.m in Sources */,
				F64BABDA2A493BC8002B923F /* ReachabilityHelper.m in Sources */,
				F65879912A5D32F800293FFD /* ChatRoomProvider.m in Sources */,
				F6C43F262A3AF139001D8715 /* ChatRoomSectionController.m in Sources */,
				F64BABCE2A4839FA002B923F /* ZODownloadManager.m in Sources */,
				F65879772A57EE4300293FFD /* ChatRoomEntity.m in Sources */,
				F6EFC95B2A5554BB00DDEDF4 /* ChatMessageDBRepository.m in Sources */,
				F6FF76872A5D5F02003A1EF4 /* StorageBuilder.m in Sources */,
				F6FF768F2A5E8EB7003A1EF4 /* StorageTableCell.m in Sources */,
			);
			runOnlyForDeploymentPostprocessing = 0;
		};
/* End PBXSourcesBuildPhase section */

/* Begin PBXVariantGroup section */
		F6C43EFB2A3AEF0D001D8715 /* Main.storyboard */ = {
			isa = PBXVariantGroup;
			children = (
				F6C43EFC2A3AEF0D001D8715 /* Base */,
			);
			name = Main.storyboard;
			sourceTree = "<group>";
		};
		F6C43F002A3AEF0D001D8715 /* LaunchScreen.storyboard */ = {
			isa = PBXVariantGroup;
			children = (
				F6C43F012A3AEF0D001D8715 /* Base */,
			);
			name = LaunchScreen.storyboard;
			sourceTree = "<group>";
		};
/* End PBXVariantGroup section */

/* Begin XCBuildConfiguration section */
		F6C43F062A3AEF0D001D8715 /* Debug */ = {
			isa = XCBuildConfiguration;
			buildSettings = {
				ALWAYS_SEARCH_USER_PATHS = NO;
				CLANG_ANALYZER_NONNULL = YES;
				CLANG_ANALYZER_NUMBER_OBJECT_CONVERSION = YES_AGGRESSIVE;
				CLANG_CXX_LANGUAGE_STANDARD = "gnu++20";
				CLANG_ENABLE_MODULES = YES;
				CLANG_ENABLE_OBJC_ARC = YES;
				CLANG_ENABLE_OBJC_WEAK = YES;
				CLANG_WARN_BLOCK_CAPTURE_AUTORELEASING = YES;
				CLANG_WARN_BOOL_CONVERSION = YES;
				CLANG_WARN_COMMA = YES;
				CLANG_WARN_CONSTANT_CONVERSION = YES;
				CLANG_WARN_DEPRECATED_OBJC_IMPLEMENTATIONS = YES;
				CLANG_WARN_DIRECT_OBJC_ISA_USAGE = YES_ERROR;
				CLANG_WARN_DOCUMENTATION_COMMENTS = YES;
				CLANG_WARN_EMPTY_BODY = YES;
				CLANG_WARN_ENUM_CONVERSION = YES;
				CLANG_WARN_INFINITE_RECURSION = YES;
				CLANG_WARN_INT_CONVERSION = YES;
				CLANG_WARN_NON_LITERAL_NULL_CONVERSION = YES;
				CLANG_WARN_OBJC_IMPLICIT_RETAIN_SELF = YES;
				CLANG_WARN_OBJC_LITERAL_CONVERSION = YES;
				CLANG_WARN_OBJC_ROOT_CLASS = YES_ERROR;
				CLANG_WARN_QUOTED_INCLUDE_IN_FRAMEWORK_HEADER = YES;
				CLANG_WARN_RANGE_LOOP_ANALYSIS = YES;
				CLANG_WARN_STRICT_PROTOTYPES = YES;
				CLANG_WARN_SUSPICIOUS_MOVE = YES;
				CLANG_WARN_UNGUARDED_AVAILABILITY = YES_AGGRESSIVE;
				CLANG_WARN_UNREACHABLE_CODE = YES;
				CLANG_WARN__DUPLICATE_METHOD_MATCH = YES;
				COPY_PHASE_STRIP = NO;
				DEBUG_INFORMATION_FORMAT = dwarf;
				ENABLE_STRICT_OBJC_MSGSEND = YES;
				ENABLE_TESTABILITY = YES;
				EXCLUDED_ARCHS = "";
				GCC_C_LANGUAGE_STANDARD = gnu11;
				GCC_DYNAMIC_NO_PIC = NO;
				GCC_NO_COMMON_BLOCKS = YES;
				GCC_OPTIMIZATION_LEVEL = 0;
				GCC_PREPROCESSOR_DEFINITIONS = (
					"DEBUG=1",
					"$(inherited)",
				);
				GCC_WARN_64_TO_32_BIT_CONVERSION = YES;
				GCC_WARN_ABOUT_RETURN_TYPE = YES_ERROR;
				GCC_WARN_UNDECLARED_SELECTOR = YES;
				GCC_WARN_UNINITIALIZED_AUTOS = YES_AGGRESSIVE;
				GCC_WARN_UNUSED_FUNCTION = YES;
				GCC_WARN_UNUSED_VARIABLE = YES;
				IPHONEOS_DEPLOYMENT_TARGET = 11.0;
				MTL_ENABLE_DEBUG_INFO = INCLUDE_SOURCE;
				MTL_FAST_MATH = YES;
				ONLY_ACTIVE_ARCH = YES;
				OTHER_LDFLAGS = "";
				SDKROOT = iphoneos;
			};
			name = Debug;
		};
		F6C43F072A3AEF0D001D8715 /* Release */ = {
			isa = XCBuildConfiguration;
			buildSettings = {
				ALWAYS_SEARCH_USER_PATHS = NO;
				CLANG_ANALYZER_NONNULL = YES;
				CLANG_ANALYZER_NUMBER_OBJECT_CONVERSION = YES_AGGRESSIVE;
				CLANG_CXX_LANGUAGE_STANDARD = "gnu++20";
				CLANG_ENABLE_MODULES = YES;
				CLANG_ENABLE_OBJC_ARC = YES;
				CLANG_ENABLE_OBJC_WEAK = YES;
				CLANG_WARN_BLOCK_CAPTURE_AUTORELEASING = YES;
				CLANG_WARN_BOOL_CONVERSION = YES;
				CLANG_WARN_COMMA = YES;
				CLANG_WARN_CONSTANT_CONVERSION = YES;
				CLANG_WARN_DEPRECATED_OBJC_IMPLEMENTATIONS = YES;
				CLANG_WARN_DIRECT_OBJC_ISA_USAGE = YES_ERROR;
				CLANG_WARN_DOCUMENTATION_COMMENTS = YES;
				CLANG_WARN_EMPTY_BODY = YES;
				CLANG_WARN_ENUM_CONVERSION = YES;
				CLANG_WARN_INFINITE_RECURSION = YES;
				CLANG_WARN_INT_CONVERSION = YES;
				CLANG_WARN_NON_LITERAL_NULL_CONVERSION = YES;
				CLANG_WARN_OBJC_IMPLICIT_RETAIN_SELF = YES;
				CLANG_WARN_OBJC_LITERAL_CONVERSION = YES;
				CLANG_WARN_OBJC_ROOT_CLASS = YES_ERROR;
				CLANG_WARN_QUOTED_INCLUDE_IN_FRAMEWORK_HEADER = YES;
				CLANG_WARN_RANGE_LOOP_ANALYSIS = YES;
				CLANG_WARN_STRICT_PROTOTYPES = YES;
				CLANG_WARN_SUSPICIOUS_MOVE = YES;
				CLANG_WARN_UNGUARDED_AVAILABILITY = YES_AGGRESSIVE;
				CLANG_WARN_UNREACHABLE_CODE = YES;
				CLANG_WARN__DUPLICATE_METHOD_MATCH = YES;
				COPY_PHASE_STRIP = NO;
				DEBUG_INFORMATION_FORMAT = "dwarf-with-dsym";
				ENABLE_NS_ASSERTIONS = NO;
				ENABLE_STRICT_OBJC_MSGSEND = YES;
				EXCLUDED_ARCHS = "";
				GCC_C_LANGUAGE_STANDARD = gnu11;
				GCC_NO_COMMON_BLOCKS = YES;
				GCC_WARN_64_TO_32_BIT_CONVERSION = YES;
				GCC_WARN_ABOUT_RETURN_TYPE = YES_ERROR;
				GCC_WARN_UNDECLARED_SELECTOR = YES;
				GCC_WARN_UNINITIALIZED_AUTOS = YES_AGGRESSIVE;
				GCC_WARN_UNUSED_FUNCTION = YES;
				GCC_WARN_UNUSED_VARIABLE = YES;
				IPHONEOS_DEPLOYMENT_TARGET = 11.0;
				MTL_ENABLE_DEBUG_INFO = NO;
				MTL_FAST_MATH = YES;
				ONLY_ACTIVE_ARCH = YES;
				OTHER_LDFLAGS = "";
				SDKROOT = iphoneos;
				VALIDATE_PRODUCT = YES;
			};
			name = Release;
		};
		F6C43F092A3AEF0D001D8715 /* Debug */ = {
			isa = XCBuildConfiguration;
			baseConfigurationReference = 2428DBFDEBA3038772A072A5 /* Pods-storage2.debug.xcconfig */;
			buildSettings = {
				ASSETCATALOG_COMPILER_APPICON_NAME = AppIcon;
				ASSETCATALOG_COMPILER_GLOBAL_ACCENT_COLOR_NAME = AccentColor;
				CODE_SIGN_STYLE = Automatic;
				CURRENT_PROJECT_VERSION = 1;
				DEVELOPMENT_TEAM = 38Z2ARUML2;
				GENERATE_INFOPLIST_FILE = YES;
				INFOPLIST_FILE = storage2/App/Info.plist;
				INFOPLIST_KEY_UIApplicationSupportsIndirectInputEvents = YES;
				INFOPLIST_KEY_UILaunchStoryboardName = LaunchScreen;
				INFOPLIST_KEY_UIMainStoryboardFile = Main;
				INFOPLIST_KEY_UISupportedInterfaceOrientations_iPad = "UIInterfaceOrientationPortrait UIInterfaceOrientationPortraitUpsideDown UIInterfaceOrientationLandscapeLeft UIInterfaceOrientationLandscapeRight";
				INFOPLIST_KEY_UISupportedInterfaceOrientations_iPhone = "UIInterfaceOrientationPortrait UIInterfaceOrientationLandscapeLeft UIInterfaceOrientationLandscapeRight";
				IPHONEOS_DEPLOYMENT_TARGET = 11.0;
				LD_RUNPATH_SEARCH_PATHS = (
					"$(inherited)",
					"@executable_path/Frameworks",
				);
				MARKETING_VERSION = 2.0;
				ONLY_ACTIVE_ARCH = YES;
				PRODUCT_BUNDLE_IDENTIFIER = probation.zalo.storage2;
				PRODUCT_NAME = "$(TARGET_NAME)";
				SWIFT_EMIT_LOC_STRINGS = YES;
				TARGETED_DEVICE_FAMILY = "1,2";
			};
			name = Debug;
		};
		F6C43F0A2A3AEF0D001D8715 /* Release */ = {
			isa = XCBuildConfiguration;
			baseConfigurationReference = 41FF497A3D8960B438AD9763 /* Pods-storage2.release.xcconfig */;
			buildSettings = {
				ASSETCATALOG_COMPILER_APPICON_NAME = AppIcon;
				ASSETCATALOG_COMPILER_GLOBAL_ACCENT_COLOR_NAME = AccentColor;
				CODE_SIGN_STYLE = Automatic;
				CURRENT_PROJECT_VERSION = 1;
				DEVELOPMENT_TEAM = 38Z2ARUML2;
				GENERATE_INFOPLIST_FILE = YES;
				INFOPLIST_FILE = storage2/App/Info.plist;
				INFOPLIST_KEY_UIApplicationSupportsIndirectInputEvents = YES;
				INFOPLIST_KEY_UILaunchStoryboardName = LaunchScreen;
				INFOPLIST_KEY_UIMainStoryboardFile = Main;
				INFOPLIST_KEY_UISupportedInterfaceOrientations_iPad = "UIInterfaceOrientationPortrait UIInterfaceOrientationPortraitUpsideDown UIInterfaceOrientationLandscapeLeft UIInterfaceOrientationLandscapeRight";
				INFOPLIST_KEY_UISupportedInterfaceOrientations_iPhone = "UIInterfaceOrientationPortrait UIInterfaceOrientationLandscapeLeft UIInterfaceOrientationLandscapeRight";
				IPHONEOS_DEPLOYMENT_TARGET = 11.0;
				LD_RUNPATH_SEARCH_PATHS = (
					"$(inherited)",
					"@executable_path/Frameworks",
				);
				MARKETING_VERSION = 2.0;
				ONLY_ACTIVE_ARCH = YES;
				PRODUCT_BUNDLE_IDENTIFIER = probation.zalo.storage2;
				PRODUCT_NAME = "$(TARGET_NAME)";
				SWIFT_EMIT_LOC_STRINGS = YES;
				TARGETED_DEVICE_FAMILY = "1,2";
			};
			name = Release;
		};
/* End XCBuildConfiguration section */

/* Begin XCConfigurationList section */
		F6C43EEA2A3AEF0D001D8715 /* Build configuration list for PBXProject "storage2" */ = {
			isa = XCConfigurationList;
			buildConfigurations = (
				F6C43F062A3AEF0D001D8715 /* Debug */,
				F6C43F072A3AEF0D001D8715 /* Release */,
			);
			defaultConfigurationIsVisible = 0;
			defaultConfigurationName = Release;
		};
		F6C43F082A3AEF0D001D8715 /* Build configuration list for PBXNativeTarget "storage2" */ = {
			isa = XCConfigurationList;
			buildConfigurations = (
				F6C43F092A3AEF0D001D8715 /* Debug */,
				F6C43F0A2A3AEF0D001D8715 /* Release */,
			);
			defaultConfigurationIsVisible = 0;
			defaultConfigurationName = Release;
		};
/* End XCConfigurationList section */
	};
	rootObject = F6C43EE72A3AEF0D001D8715 /* Project object */;
}
